// !$*UTF8*$!
{
	archiveVersion = 1;
	classes = {
	};
	objectVersion = 50;
	objects = {

/* Begin PBXBuildFile section */
		DE3CEE2C237F76F20043B169 /* testClassAuthor.mm in Sources */ = {isa = PBXBuildFile; fileRef = DE3CEE2B237F76F20043B169 /* testClassAuthor.mm */; };
		DE5FC262237CDD7400346E3E /* testClassReadbook.mm in Sources */ = {isa = PBXBuildFile; fileRef = DE5FC261237CDD7400346E3E /* testClassReadbook.mm */; };
		DE7AC02A238B73DB00292006 /* testFileMethods.mm in Sources */ = {isa = PBXBuildFile; fileRef = DE7AC029238B73DB00292006 /* testFileMethods.mm */; };
		DE9504D62374EF2200FF97A4 /* ReadBook.hpp in Headers */ = {isa = PBXBuildFile; fileRef = DE9504CC2374EF2200FF97A4 /* ReadBook.hpp */; };
		DE9504D72374EF2200FF97A4 /* ReadBook.cpp in Sources */ = {isa = PBXBuildFile; fileRef = DE9504CD2374EF2200FF97A4 /* ReadBook.cpp */; };
		DE9504D82374EF2200FF97A4 /* Book.hpp in Headers */ = {isa = PBXBuildFile; fileRef = DE9504CE2374EF2200FF97A4 /* Book.hpp */; };
		DE9504D92374EF2200FF97A4 /* Author.cpp in Sources */ = {isa = PBXBuildFile; fileRef = DE9504CF2374EF2200FF97A4 /* Author.cpp */; };
		DE9504DA2374EF2200FF97A4 /* Book.cpp in Sources */ = {isa = PBXBuildFile; fileRef = DE9504D02374EF2200FF97A4 /* Book.cpp */; };
		DE9504DB2374EF2200FF97A4 /* FileMethods.hpp in Headers */ = {isa = PBXBuildFile; fileRef = DE9504D12374EF2200FF97A4 /* FileMethods.hpp */; };
		DE9504DC2374EF2200FF97A4 /* FileMethods.cpp in Sources */ = {isa = PBXBuildFile; fileRef = DE9504D22374EF2200FF97A4 /* FileMethods.cpp */; };
		DE9504DD2374EF2200FF97A4 /* gui.hpp in Headers */ = {isa = PBXBuildFile; fileRef = DE9504D32374EF2200FF97A4 /* gui.hpp */; };
		DE9504DE2374EF2200FF97A4 /* Author.hpp in Headers */ = {isa = PBXBuildFile; fileRef = DE9504D42374EF2200FF97A4 /* Author.hpp */; };
		DE9504DF2374EF2200FF97A4 /* gui.cpp in Sources */ = {isa = PBXBuildFile; fileRef = DE9504D52374EF2200FF97A4 /* gui.cpp */; };
		DE9505062374F5B100FF97A4 /* libReadingTrackerLibrary.dylib in Frameworks */ = {isa = PBXBuildFile; fileRef = DE9504A22374EAE300FF97A4 /* libReadingTrackerLibrary.dylib */; };
		DE95050D2374F61C00FF97A4 /* testClassBook.mm in Sources */ = {isa = PBXBuildFile; fileRef = DE95050C2374F61C00FF97A4 /* testClassBook.mm */; };
		DE989E8323F4F94700D3C424 /* testGui.mm in Sources */ = {isa = PBXBuildFile; fileRef = DE989E8223F4F94700D3C424 /* testGui.mm */; };
		DEBC762E2414672500425941 /* libboost_date_time-mt.a in Frameworks */ = {isa = PBXBuildFile; fileRef = DEBC762D2414672500425941 /* libboost_date_time-mt.a */; };
		DEBC76352414B45F00425941 /* libcurl.a in Frameworks */ = {isa = PBXBuildFile; fileRef = DEBC762F2414A69F00425941 /* libcurl.a */; };
		DEEAC61E2423BC4C00D970C9 /* StandardOutput.hpp in Headers */ = {isa = PBXBuildFile; fileRef = DEEAC61C2423BC4C00D970C9 /* StandardOutput.hpp */; };
		DEEAC6212423C57000D970C9 /* HelperFunctions.cpp in Sources */ = {isa = PBXBuildFile; fileRef = DEEAC61F2423C57000D970C9 /* HelperFunctions.cpp */; };
		DEEAC6222423C57000D970C9 /* HelperFunctions.hpp in Headers */ = {isa = PBXBuildFile; fileRef = DEEAC6202423C57000D970C9 /* HelperFunctions.hpp */; };
		DEEAC625242415BC00D970C9 /* SortUnique.cpp in Sources */ = {isa = PBXBuildFile; fileRef = DEEAC623242415BC00D970C9 /* SortUnique.cpp */; };
		DEEAC626242415BC00D970C9 /* SortUnique.hpp in Headers */ = {isa = PBXBuildFile; fileRef = DEEAC624242415BC00D970C9 /* SortUnique.hpp */; };
		DEF9CCA72377B30A00B5089A /* main.cpp in Sources */ = {isa = PBXBuildFile; fileRef = DE9504C82374EB8600FF97A4 /* main.cpp */; };
		DEF9CCA92377B44A00B5089A /* libReadingTrackerLibrary.dylib in Frameworks */ = {isa = PBXBuildFile; fileRef = DE9504A22374EAE300FF97A4 /* libReadingTrackerLibrary.dylib */; };
/* End PBXBuildFile section */

/* Begin PBXContainerItemProxy section */
		DE9505072374F5B100FF97A4 /* PBXContainerItemProxy */ = {
			isa = PBXContainerItemProxy;
			containerPortal = DE95049A2374EAE300FF97A4 /* Project object */;
			proxyType = 1;
			remoteGlobalIDString = DE9504A12374EAE300FF97A4;
			remoteInfo = ReadingTrackerLibrary;
		};
/* End PBXContainerItemProxy section */

/* Begin PBXCopyFilesBuildPhase section */
		DE7AC02B238B7E2700292006 /* CopyFiles */ = {
			isa = PBXCopyFilesBuildPhase;
			buildActionMask = 2147483647;
			dstPath = "";
			dstSubfolderSpec = 16;
			files = (
			);
			runOnlyForDeploymentPostprocessing = 0;
		};
		DEF9CC9E2377B30200B5089A /* CopyFiles */ = {
			isa = PBXCopyFilesBuildPhase;
			buildActionMask = 2147483647;
			dstPath = /usr/share/man/man1/;
			dstSubfolderSpec = 0;
			files = (
			);
			runOnlyForDeploymentPostprocessing = 1;
		};
/* End PBXCopyFilesBuildPhase section */

/* Begin PBXFileReference section */
		DE3CEE2B237F76F20043B169 /* testClassAuthor.mm */ = {isa = PBXFileReference; lastKnownFileType = sourcecode.cpp.objcpp; path = testClassAuthor.mm; sourceTree = "<group>"; };
		DE5FC261237CDD7400346E3E /* testClassReadbook.mm */ = {isa = PBXFileReference; lastKnownFileType = sourcecode.cpp.objcpp; path = testClassReadbook.mm; sourceTree = "<group>"; };
		DE7AC029238B73DB00292006 /* testFileMethods.mm */ = {isa = PBXFileReference; lastKnownFileType = sourcecode.cpp.objcpp; path = testFileMethods.mm; sourceTree = "<group>"; };
		DE9504A22374EAE300FF97A4 /* libReadingTrackerLibrary.dylib */ = {isa = PBXFileReference; explicitFileType = "compiled.mach-o.dylib"; includeInIndex = 0; path = libReadingTrackerLibrary.dylib; sourceTree = BUILT_PRODUCTS_DIR; };
		DE9504C82374EB8600FF97A4 /* main.cpp */ = {isa = PBXFileReference; explicitFileType = sourcecode.cpp.cpp; path = main.cpp; sourceTree = "<group>"; };
		DE9504CC2374EF2200FF97A4 /* ReadBook.hpp */ = {isa = PBXFileReference; explicitFileType = sourcecode.cpp.h; fileEncoding = 4; path = ReadBook.hpp; sourceTree = "<group>"; };
		DE9504CD2374EF2200FF97A4 /* ReadBook.cpp */ = {isa = PBXFileReference; explicitFileType = sourcecode.cpp.cpp; fileEncoding = 4; path = ReadBook.cpp; sourceTree = "<group>"; };
		DE9504CE2374EF2200FF97A4 /* Book.hpp */ = {isa = PBXFileReference; explicitFileType = sourcecode.cpp.h; fileEncoding = 4; path = Book.hpp; sourceTree = "<group>"; };
		DE9504CF2374EF2200FF97A4 /* Author.cpp */ = {isa = PBXFileReference; explicitFileType = sourcecode.cpp.cpp; fileEncoding = 4; path = Author.cpp; sourceTree = "<group>"; };
		DE9504D02374EF2200FF97A4 /* Book.cpp */ = {isa = PBXFileReference; explicitFileType = sourcecode.cpp.cpp; fileEncoding = 4; path = Book.cpp; sourceTree = "<group>"; };
		DE9504D12374EF2200FF97A4 /* FileMethods.hpp */ = {isa = PBXFileReference; explicitFileType = sourcecode.cpp.h; fileEncoding = 4; path = FileMethods.hpp; sourceTree = "<group>"; };
		DE9504D22374EF2200FF97A4 /* FileMethods.cpp */ = {isa = PBXFileReference; explicitFileType = sourcecode.cpp.cpp; fileEncoding = 4; path = FileMethods.cpp; sourceTree = "<group>"; };
		DE9504D32374EF2200FF97A4 /* gui.hpp */ = {isa = PBXFileReference; explicitFileType = sourcecode.cpp.h; fileEncoding = 4; path = gui.hpp; sourceTree = "<group>"; };
		DE9504D42374EF2200FF97A4 /* Author.hpp */ = {isa = PBXFileReference; explicitFileType = sourcecode.cpp.h; fileEncoding = 4; path = Author.hpp; sourceTree = "<group>"; };
		DE9504D52374EF2200FF97A4 /* gui.cpp */ = {isa = PBXFileReference; explicitFileType = sourcecode.cpp.cpp; fileEncoding = 4; path = gui.cpp; sourceTree = "<group>"; };
		DE9505012374F5B100FF97A4 /* TestReadingTrackerLibrary.xctest */ = {isa = PBXFileReference; explicitFileType = wrapper.cfbundle; includeInIndex = 0; path = TestReadingTrackerLibrary.xctest; sourceTree = BUILT_PRODUCTS_DIR; };
		DE9505052374F5B100FF97A4 /* Info.plist */ = {isa = PBXFileReference; lastKnownFileType = text.plist.xml; path = Info.plist; sourceTree = "<group>"; };
		DE95050C2374F61C00FF97A4 /* testClassBook.mm */ = {isa = PBXFileReference; lastKnownFileType = sourcecode.cpp.objcpp; path = testClassBook.mm; sourceTree = "<group>"; };
		DE989E8223F4F94700D3C424 /* testGui.mm */ = {isa = PBXFileReference; lastKnownFileType = sourcecode.cpp.objcpp; path = testGui.mm; sourceTree = "<group>"; };
		DEBC762D2414672500425941 /* libboost_date_time-mt.a */ = {isa = PBXFileReference; lastKnownFileType = archive.ar; name = "libboost_date_time-mt.a"; path = "../../../../usr/local/Cellar/boost/1.72.0/lib/libboost_date_time-mt.a"; sourceTree = "<group>"; };
		DEBC762F2414A69F00425941 /* libcurl.a */ = {isa = PBXFileReference; lastKnownFileType = archive.ar; name = libcurl.a; path = ../../../../usr/local/Cellar/curl/7.69.0/lib/libcurl.a; sourceTree = "<group>"; };
		DEBC76312414A9A300425941 /* libcurl.tbd */ = {isa = PBXFileReference; lastKnownFileType = "sourcecode.text-based-dylib-definition"; name = libcurl.tbd; path = usr/lib/libcurl.tbd; sourceTree = SDKROOT; };
		DEBC76332414AA1000425941 /* libcurlpp.a */ = {isa = PBXFileReference; lastKnownFileType = archive.ar; name = libcurlpp.a; path = ../../../../usr/local/Cellar/curlpp/0.8.1/lib/libcurlpp.a; sourceTree = "<group>"; };
		DEEAC61C2423BC4C00D970C9 /* StandardOutput.hpp */ = {isa = PBXFileReference; lastKnownFileType = sourcecode.cpp.h; path = StandardOutput.hpp; sourceTree = "<group>"; };
		DEEAC61F2423C57000D970C9 /* HelperFunctions.cpp */ = {isa = PBXFileReference; lastKnownFileType = sourcecode.cpp.cpp; path = HelperFunctions.cpp; sourceTree = "<group>"; };
		DEEAC6202423C57000D970C9 /* HelperFunctions.hpp */ = {isa = PBXFileReference; lastKnownFileType = sourcecode.cpp.h; path = HelperFunctions.hpp; sourceTree = "<group>"; };
		DEEAC623242415BC00D970C9 /* SortUnique.cpp */ = {isa = PBXFileReference; lastKnownFileType = sourcecode.cpp.cpp; path = SortUnique.cpp; sourceTree = "<group>"; };
		DEEAC624242415BC00D970C9 /* SortUnique.hpp */ = {isa = PBXFileReference; lastKnownFileType = sourcecode.cpp.h; path = SortUnique.hpp; sourceTree = "<group>"; };
		DEF9CCA02377B30200B5089A /* ReadingTrackerCommandLine */ = {isa = PBXFileReference; explicitFileType = "compiled.mach-o.executable"; includeInIndex = 0; path = ReadingTrackerCommandLine; sourceTree = BUILT_PRODUCTS_DIR; };
/* End PBXFileReference section */

/* Begin PBXFrameworksBuildPhase section */
		DE9504A02374EAE300FF97A4 /* Frameworks */ = {
			isa = PBXFrameworksBuildPhase;
			buildActionMask = 2147483647;
			files = (
				DEBC76352414B45F00425941 /* libcurl.a in Frameworks */,
				DEBC762E2414672500425941 /* libboost_date_time-mt.a in Frameworks */,
			);
			runOnlyForDeploymentPostprocessing = 0;
		};
		DE9504FE2374F5B100FF97A4 /* Frameworks */ = {
			isa = PBXFrameworksBuildPhase;
			buildActionMask = 2147483647;
			files = (
				DE9505062374F5B100FF97A4 /* libReadingTrackerLibrary.dylib in Frameworks */,
			);
			runOnlyForDeploymentPostprocessing = 0;
		};
		DEF9CC9D2377B30200B5089A /* Frameworks */ = {
			isa = PBXFrameworksBuildPhase;
			buildActionMask = 2147483647;
			files = (
				DEF9CCA92377B44A00B5089A /* libReadingTrackerLibrary.dylib in Frameworks */,
			);
			runOnlyForDeploymentPostprocessing = 0;
		};
/* End PBXFrameworksBuildPhase section */

/* Begin PBXGroup section */
		DE9504992374EAE300FF97A4 = {
			isa = PBXGroup;
			children = (
				DE9504A42374EAE300FF97A4 /* ReadingTrackerLibrary */,
				DE9505022374F5B100FF97A4 /* TestReadingTrackerLibrary */,
				DEF9CCA12377B30200B5089A /* ReadingTrackerCommandLine */,
				DE9504A32374EAE300FF97A4 /* Products */,
				DEF9CCA82377B44A00B5089A /* Frameworks */,
			);
			sourceTree = "<group>";
		};
		DE9504A32374EAE300FF97A4 /* Products */ = {
			isa = PBXGroup;
			children = (
				DE9504A22374EAE300FF97A4 /* libReadingTrackerLibrary.dylib */,
				DE9505012374F5B100FF97A4 /* TestReadingTrackerLibrary.xctest */,
				DEF9CCA02377B30200B5089A /* ReadingTrackerCommandLine */,
			);
			name = Products;
			sourceTree = "<group>";
		};
		DE9504A42374EAE300FF97A4 /* ReadingTrackerLibrary */ = {
			isa = PBXGroup;
			children = (
				DE9504E02374EFD100FF97A4 /* Classes */,
			);
			path = ReadingTrackerLibrary;
			sourceTree = "<group>";
		};
		DE9504E02374EFD100FF97A4 /* Classes */ = {
			isa = PBXGroup;
			children = (
				DEEAC62724241B2400D970C9 /* Helper */,
				DE9504CF2374EF2200FF97A4 /* Author.cpp */,
				DE9504D42374EF2200FF97A4 /* Author.hpp */,
				DE9504D02374EF2200FF97A4 /* Book.cpp */,
				DE9504CE2374EF2200FF97A4 /* Book.hpp */,
				DE9504D22374EF2200FF97A4 /* FileMethods.cpp */,
				DE9504D12374EF2200FF97A4 /* FileMethods.hpp */,
				DE9504D52374EF2200FF97A4 /* gui.cpp */,
				DE9504D32374EF2200FF97A4 /* gui.hpp */,
				DE9504CD2374EF2200FF97A4 /* ReadBook.cpp */,
				DE9504CC2374EF2200FF97A4 /* ReadBook.hpp */,
				DEEAC61C2423BC4C00D970C9 /* StandardOutput.hpp */,
			);
			path = Classes;
			sourceTree = "<group>";
		};
		DE9505022374F5B100FF97A4 /* TestReadingTrackerLibrary */ = {
			isa = PBXGroup;
			children = (
				DE7AC029238B73DB00292006 /* testFileMethods.mm */,
				DE3CEE2B237F76F20043B169 /* testClassAuthor.mm */,
				DE5FC261237CDD7400346E3E /* testClassReadbook.mm */,
				DE95050C2374F61C00FF97A4 /* testClassBook.mm */,
				DE9505052374F5B100FF97A4 /* Info.plist */,
				DE989E8223F4F94700D3C424 /* testGui.mm */,
			);
			path = TestReadingTrackerLibrary;
			sourceTree = "<group>";
		};
		DEEAC62724241B2400D970C9 /* Helper */ = {
			isa = PBXGroup;
			children = (
				DEEAC61F2423C57000D970C9 /* HelperFunctions.cpp */,
				DEEAC6202423C57000D970C9 /* HelperFunctions.hpp */,
				DEEAC623242415BC00D970C9 /* SortUnique.cpp */,
				DEEAC624242415BC00D970C9 /* SortUnique.hpp */,
			);
			path = Helper;
			sourceTree = "<group>";
		};
		DEF9CCA12377B30200B5089A /* ReadingTrackerCommandLine */ = {
			isa = PBXGroup;
			children = (
				DE9504C82374EB8600FF97A4 /* main.cpp */,
			);
			path = ReadingTrackerCommandLine;
			sourceTree = "<group>";
		};
		DEF9CCA82377B44A00B5089A /* Frameworks */ = {
			isa = PBXGroup;
			children = (
				DEBC76332414AA1000425941 /* libcurlpp.a */,
				DEBC76312414A9A300425941 /* libcurl.tbd */,
				DEBC762F2414A69F00425941 /* libcurl.a */,
				DEBC762D2414672500425941 /* libboost_date_time-mt.a */,
			);
			name = Frameworks;
			sourceTree = "<group>";
		};
/* End PBXGroup section */

/* Begin PBXHeadersBuildPhase section */
		DE95049E2374EAE300FF97A4 /* Headers */ = {
			isa = PBXHeadersBuildPhase;
			buildActionMask = 2147483647;
			files = (
				DE9504DE2374EF2200FF97A4 /* Author.hpp in Headers */,
				DE9504D62374EF2200FF97A4 /* ReadBook.hpp in Headers */,
				DEEAC6222423C57000D970C9 /* HelperFunctions.hpp in Headers */,
				DEEAC626242415BC00D970C9 /* SortUnique.hpp in Headers */,
				DEEAC61E2423BC4C00D970C9 /* StandardOutput.hpp in Headers */,
				DE9504DB2374EF2200FF97A4 /* FileMethods.hpp in Headers */,
				DE9504DD2374EF2200FF97A4 /* gui.hpp in Headers */,
				DE9504D82374EF2200FF97A4 /* Book.hpp in Headers */,
			);
			runOnlyForDeploymentPostprocessing = 0;
		};
/* End PBXHeadersBuildPhase section */

/* Begin PBXNativeTarget section */
		DE9504A12374EAE300FF97A4 /* ReadingTrackerLibrary */ = {
			isa = PBXNativeTarget;
			buildConfigurationList = DE9504AD2374EAE300FF97A4 /* Build configuration list for PBXNativeTarget "ReadingTrackerLibrary" */;
			buildPhases = (
				DE95049E2374EAE300FF97A4 /* Headers */,
				DE95049F2374EAE300FF97A4 /* Sources */,
				DE9504A02374EAE300FF97A4 /* Frameworks */,
			);
			buildRules = (
			);
			dependencies = (
			);
			name = ReadingTrackerLibrary;
			productName = ReadingTrackerLibrary;
			productReference = DE9504A22374EAE300FF97A4 /* libReadingTrackerLibrary.dylib */;
			productType = "com.apple.product-type.library.dynamic";
		};
		DE9505002374F5B100FF97A4 /* TestReadingTrackerLibrary */ = {
			isa = PBXNativeTarget;
			buildConfigurationList = DE9505092374F5B100FF97A4 /* Build configuration list for PBXNativeTarget "TestReadingTrackerLibrary" */;
			buildPhases = (
				DE9504FD2374F5B100FF97A4 /* Sources */,
				DE9504FE2374F5B100FF97A4 /* Frameworks */,
				DE9504FF2374F5B100FF97A4 /* Resources */,
				DE7AC02B238B7E2700292006 /* CopyFiles */,
			);
			buildRules = (
			);
			dependencies = (
				DE9505082374F5B100FF97A4 /* PBXTargetDependency */,
			);
			name = TestReadingTrackerLibrary;
			productName = TestReadingTrackerLibrary;
			productReference = DE9505012374F5B100FF97A4 /* TestReadingTrackerLibrary.xctest */;
			productType = "com.apple.product-type.bundle.unit-test";
		};
		DEF9CC9F2377B30200B5089A /* ReadingTrackerCommandLine */ = {
			isa = PBXNativeTarget;
			buildConfigurationList = DEF9CCA62377B30200B5089A /* Build configuration list for PBXNativeTarget "ReadingTrackerCommandLine" */;
			buildPhases = (
				DEF9CC9C2377B30200B5089A /* Sources */,
				DEF9CC9D2377B30200B5089A /* Frameworks */,
				DEF9CC9E2377B30200B5089A /* CopyFiles */,
			);
			buildRules = (
			);
			dependencies = (
			);
			name = ReadingTrackerCommandLine;
			productName = ReadingTrackerCommandLine;
			productReference = DEF9CCA02377B30200B5089A /* ReadingTrackerCommandLine */;
			productType = "com.apple.product-type.tool";
		};
/* End PBXNativeTarget section */

/* Begin PBXProject section */
		DE95049A2374EAE300FF97A4 /* Project object */ = {
			isa = PBXProject;
			attributes = {
				LastUpgradeCheck = 1130;
				ORGANIZATIONNAME = "Russell Goddard";
				TargetAttributes = {
					DE9504A12374EAE300FF97A4 = {
						CreatedOnToolsVersion = 11.2;
					};
					DE9505002374F5B100FF97A4 = {
						CreatedOnToolsVersion = 11.2;
					};
					DEF9CC9F2377B30200B5089A = {
						CreatedOnToolsVersion = 11.2;
					};
				};
			};
			buildConfigurationList = DE95049D2374EAE300FF97A4 /* Build configuration list for PBXProject "ReadingTrackerLibrary" */;
			compatibilityVersion = "Xcode 9.3";
			developmentRegion = en;
			hasScannedForEncodings = 0;
			knownRegions = (
				en,
				Base,
			);
			mainGroup = DE9504992374EAE300FF97A4;
			productRefGroup = DE9504A32374EAE300FF97A4 /* Products */;
			projectDirPath = "";
			projectRoot = "";
			targets = (
				DE9504A12374EAE300FF97A4 /* ReadingTrackerLibrary */,
				DE9505002374F5B100FF97A4 /* TestReadingTrackerLibrary */,
				DEF9CC9F2377B30200B5089A /* ReadingTrackerCommandLine */,
			);
		};
/* End PBXProject section */

/* Begin PBXResourcesBuildPhase section */
		DE9504FF2374F5B100FF97A4 /* Resources */ = {
			isa = PBXResourcesBuildPhase;
			buildActionMask = 2147483647;
			files = (
			);
			runOnlyForDeploymentPostprocessing = 0;
		};
/* End PBXResourcesBuildPhase section */

/* Begin PBXSourcesBuildPhase section */
		DE95049F2374EAE300FF97A4 /* Sources */ = {
			isa = PBXSourcesBuildPhase;
			buildActionMask = 2147483647;
			files = (
				DE9504DA2374EF2200FF97A4 /* Book.cpp in Sources */,
				DE9504D92374EF2200FF97A4 /* Author.cpp in Sources */,
				DE9504D72374EF2200FF97A4 /* ReadBook.cpp in Sources */,
				DE9504DF2374EF2200FF97A4 /* gui.cpp in Sources */,
				DEEAC6212423C57000D970C9 /* HelperFunctions.cpp in Sources */,
				DEEAC625242415BC00D970C9 /* SortUnique.cpp in Sources */,
				DE9504DC2374EF2200FF97A4 /* FileMethods.cpp in Sources */,
			);
			runOnlyForDeploymentPostprocessing = 0;
		};
		DE9504FD2374F5B100FF97A4 /* Sources */ = {
			isa = PBXSourcesBuildPhase;
			buildActionMask = 2147483647;
			files = (
				DE7AC02A238B73DB00292006 /* testFileMethods.mm in Sources */,
				DE95050D2374F61C00FF97A4 /* testClassBook.mm in Sources */,
				DE5FC262237CDD7400346E3E /* testClassReadbook.mm in Sources */,
				DE989E8323F4F94700D3C424 /* testGui.mm in Sources */,
				DE3CEE2C237F76F20043B169 /* testClassAuthor.mm in Sources */,
			);
			runOnlyForDeploymentPostprocessing = 0;
		};
		DEF9CC9C2377B30200B5089A /* Sources */ = {
			isa = PBXSourcesBuildPhase;
			buildActionMask = 2147483647;
			files = (
				DEF9CCA72377B30A00B5089A /* main.cpp in Sources */,
			);
			runOnlyForDeploymentPostprocessing = 0;
		};
/* End PBXSourcesBuildPhase section */

/* Begin PBXTargetDependency section */
		DE9505082374F5B100FF97A4 /* PBXTargetDependency */ = {
			isa = PBXTargetDependency;
			target = DE9504A12374EAE300FF97A4 /* ReadingTrackerLibrary */;
			targetProxy = DE9505072374F5B100FF97A4 /* PBXContainerItemProxy */;
		};
/* End PBXTargetDependency section */

/* Begin XCBuildConfiguration section */
		DE9504AB2374EAE300FF97A4 /* Debug */ = {
			isa = XCBuildConfiguration;
			buildSettings = {
				ALWAYS_SEARCH_USER_PATHS = NO;
				CLANG_ANALYZER_NONNULL = YES;
				CLANG_ANALYZER_NUMBER_OBJECT_CONVERSION = YES_AGGRESSIVE;
				CLANG_CXX_LANGUAGE_STANDARD = "gnu++14";
				CLANG_CXX_LIBRARY = "libc++";
				CLANG_ENABLE_MODULES = YES;
				CLANG_ENABLE_OBJC_ARC = YES;
				CLANG_ENABLE_OBJC_WEAK = YES;
				CLANG_WARN_BLOCK_CAPTURE_AUTORELEASING = YES;
				CLANG_WARN_BOOL_CONVERSION = YES;
				CLANG_WARN_COMMA = YES;
				CLANG_WARN_CONSTANT_CONVERSION = YES;
				CLANG_WARN_DEPRECATED_OBJC_IMPLEMENTATIONS = YES;
				CLANG_WARN_DIRECT_OBJC_ISA_USAGE = YES_ERROR;
				CLANG_WARN_DOCUMENTATION_COMMENTS = YES;
				CLANG_WARN_EMPTY_BODY = YES;
				CLANG_WARN_ENUM_CONVERSION = YES;
				CLANG_WARN_INFINITE_RECURSION = YES;
				CLANG_WARN_INT_CONVERSION = YES;
				CLANG_WARN_NON_LITERAL_NULL_CONVERSION = YES;
				CLANG_WARN_OBJC_IMPLICIT_RETAIN_SELF = YES;
				CLANG_WARN_OBJC_LITERAL_CONVERSION = YES;
				CLANG_WARN_OBJC_ROOT_CLASS = YES_ERROR;
				CLANG_WARN_RANGE_LOOP_ANALYSIS = YES;
				CLANG_WARN_STRICT_PROTOTYPES = YES;
				CLANG_WARN_SUSPICIOUS_MOVE = YES;
				CLANG_WARN_UNGUARDED_AVAILABILITY = YES_AGGRESSIVE;
				CLANG_WARN_UNREACHABLE_CODE = YES;
				CLANG_WARN__DUPLICATE_METHOD_MATCH = YES;
				COPY_PHASE_STRIP = NO;
				DEBUG_INFORMATION_FORMAT = dwarf;
				ENABLE_STRICT_OBJC_MSGSEND = YES;
				ENABLE_TESTABILITY = YES;
				GCC_C_LANGUAGE_STANDARD = gnu11;
				GCC_DYNAMIC_NO_PIC = NO;
				GCC_NO_COMMON_BLOCKS = YES;
				GCC_OPTIMIZATION_LEVEL = 0;
				GCC_PREPROCESSOR_DEFINITIONS = (
					"DEBUG=1",
					"$(inherited)",
				);
				GCC_WARN_64_TO_32_BIT_CONVERSION = YES;
				GCC_WARN_ABOUT_RETURN_TYPE = YES_ERROR;
				GCC_WARN_UNDECLARED_SELECTOR = YES;
				GCC_WARN_UNINITIALIZED_AUTOS = YES_AGGRESSIVE;
				GCC_WARN_UNUSED_FUNCTION = YES;
				GCC_WARN_UNUSED_VARIABLE = YES;
				HEADER_SEARCH_PATHS = /usr/local/include;
				LIBRARY_SEARCH_PATHS = "";
				MACOSX_DEPLOYMENT_TARGET = 10.14;
				MTL_ENABLE_DEBUG_INFO = INCLUDE_SOURCE;
				MTL_FAST_MATH = YES;
				ONLY_ACTIVE_ARCH = YES;
				OTHER_CPLUSPLUSFLAGS = "$(OTHER_CFLAGS)";
				SDKROOT = macosx;
			};
			name = Debug;
		};
		DE9504AC2374EAE300FF97A4 /* Release */ = {
			isa = XCBuildConfiguration;
			buildSettings = {
				ALWAYS_SEARCH_USER_PATHS = NO;
				CLANG_ANALYZER_NONNULL = YES;
				CLANG_ANALYZER_NUMBER_OBJECT_CONVERSION = YES_AGGRESSIVE;
				CLANG_CXX_LANGUAGE_STANDARD = "gnu++14";
				CLANG_CXX_LIBRARY = "libc++";
				CLANG_ENABLE_MODULES = YES;
				CLANG_ENABLE_OBJC_ARC = YES;
				CLANG_ENABLE_OBJC_WEAK = YES;
				CLANG_WARN_BLOCK_CAPTURE_AUTORELEASING = YES;
				CLANG_WARN_BOOL_CONVERSION = YES;
				CLANG_WARN_COMMA = YES;
				CLANG_WARN_CONSTANT_CONVERSION = YES;
				CLANG_WARN_DEPRECATED_OBJC_IMPLEMENTATIONS = YES;
				CLANG_WARN_DIRECT_OBJC_ISA_USAGE = YES_ERROR;
				CLANG_WARN_DOCUMENTATION_COMMENTS = YES;
				CLANG_WARN_EMPTY_BODY = YES;
				CLANG_WARN_ENUM_CONVERSION = YES;
				CLANG_WARN_INFINITE_RECURSION = YES;
				CLANG_WARN_INT_CONVERSION = YES;
				CLANG_WARN_NON_LITERAL_NULL_CONVERSION = YES;
				CLANG_WARN_OBJC_IMPLICIT_RETAIN_SELF = YES;
				CLANG_WARN_OBJC_LITERAL_CONVERSION = YES;
				CLANG_WARN_OBJC_ROOT_CLASS = YES_ERROR;
				CLANG_WARN_RANGE_LOOP_ANALYSIS = YES;
				CLANG_WARN_STRICT_PROTOTYPES = YES;
				CLANG_WARN_SUSPICIOUS_MOVE = YES;
				CLANG_WARN_UNGUARDED_AVAILABILITY = YES_AGGRESSIVE;
				CLANG_WARN_UNREACHABLE_CODE = YES;
				CLANG_WARN__DUPLICATE_METHOD_MATCH = YES;
				COPY_PHASE_STRIP = NO;
				DEBUG_INFORMATION_FORMAT = "dwarf-with-dsym";
				ENABLE_NS_ASSERTIONS = NO;
				ENABLE_STRICT_OBJC_MSGSEND = YES;
				GCC_C_LANGUAGE_STANDARD = gnu11;
				GCC_NO_COMMON_BLOCKS = YES;
				GCC_WARN_64_TO_32_BIT_CONVERSION = YES;
				GCC_WARN_ABOUT_RETURN_TYPE = YES_ERROR;
				GCC_WARN_UNDECLARED_SELECTOR = YES;
				GCC_WARN_UNINITIALIZED_AUTOS = YES_AGGRESSIVE;
				GCC_WARN_UNUSED_FUNCTION = YES;
				GCC_WARN_UNUSED_VARIABLE = YES;
				HEADER_SEARCH_PATHS = /usr/local/include;
				LIBRARY_SEARCH_PATHS = "";
				MACOSX_DEPLOYMENT_TARGET = 10.14;
				MTL_ENABLE_DEBUG_INFO = NO;
				MTL_FAST_MATH = YES;
				OTHER_CPLUSPLUSFLAGS = "$(OTHER_CFLAGS)";
				SDKROOT = macosx;
			};
			name = Release;
		};
		DE9504AE2374EAE300FF97A4 /* Debug */ = {
			isa = XCBuildConfiguration;
			buildSettings = {
				CODE_SIGN_STYLE = Automatic;
				DYLIB_COMPATIBILITY_VERSION = 1;
				DYLIB_CURRENT_VERSION = 1;
				EXECUTABLE_PREFIX = lib;
				GCC_ENABLE_CPP_EXCEPTIONS = YES;
				GCC_ENABLE_CPP_RTTI = YES;
				GCC_SYMBOLS_PRIVATE_EXTERN = YES;
				HEADER_SEARCH_PATHS = /usr/local/include;
				LIBRARY_SEARCH_PATHS = (
					"$(inherited)",
					/usr/local/Cellar/boost/1.72.0/lib,
					/usr/local/Cellar/curl/7.69.0/lib,
					/usr/local/Cellar/curlpp/0.8.1/lib,
				);
				OTHER_CPLUSPLUSFLAGS = "$(OTHER_CFLAGS)";
				PRODUCT_NAME = "$(TARGET_NAME)";
				SKIP_INSTALL = YES;
			};
			name = Debug;
		};
		DE9504AF2374EAE300FF97A4 /* Release */ = {
			isa = XCBuildConfiguration;
			buildSettings = {
				CODE_SIGN_STYLE = Automatic;
				DYLIB_COMPATIBILITY_VERSION = 1;
				DYLIB_CURRENT_VERSION = 1;
				EXECUTABLE_PREFIX = lib;
				GCC_ENABLE_CPP_EXCEPTIONS = YES;
				GCC_ENABLE_CPP_RTTI = YES;
				GCC_SYMBOLS_PRIVATE_EXTERN = YES;
				HEADER_SEARCH_PATHS = /usr/local/include;
				LIBRARY_SEARCH_PATHS = (
					"$(inherited)",
					/usr/local/Cellar/boost/1.72.0/lib,
					/usr/local/Cellar/curl/7.69.0/lib,
					/usr/local/Cellar/curlpp/0.8.1/lib,
				);
				OTHER_CPLUSPLUSFLAGS = "$(OTHER_CFLAGS)";
				PRODUCT_NAME = "$(TARGET_NAME)";
				SKIP_INSTALL = YES;
			};
			name = Release;
		};
		DE95050A2374F5B100FF97A4 /* Debug */ = {
			isa = XCBuildConfiguration;
			buildSettings = {
				CODE_SIGN_STYLE = Automatic;
				COMBINE_HIDPI_IMAGES = YES;
				HEADER_SEARCH_PATHS = /usr/local/include;
				INFOPLIST_FILE = TestReadingTrackerLibrary/Info.plist;
				LD_RUNPATH_SEARCH_PATHS = (
					"$(inherited)",
					"@executable_path/../Frameworks",
					"@loader_path/../Frameworks",
				);
				PRODUCT_BUNDLE_IDENTIFIER = RT.TestReadingTrackerLibrary;
				PRODUCT_NAME = "$(TARGET_NAME)";
			};
			name = Debug;
		};
		DE95050B2374F5B100FF97A4 /* Release */ = {
			isa = XCBuildConfiguration;
			buildSettings = {
				CODE_SIGN_STYLE = Automatic;
				COMBINE_HIDPI_IMAGES = YES;
				HEADER_SEARCH_PATHS = /usr/local/include;
				INFOPLIST_FILE = TestReadingTrackerLibrary/Info.plist;
				LD_RUNPATH_SEARCH_PATHS = (
					"$(inherited)",
					"@executable_path/../Frameworks",
					"@loader_path/../Frameworks",
				);
				PRODUCT_BUNDLE_IDENTIFIER = RT.TestReadingTrackerLibrary;
				PRODUCT_NAME = "$(TARGET_NAME)";
			};
			name = Release;
		};
		DEF9CCA42377B30200B5089A /* Debug */ = {
			isa = XCBuildConfiguration;
			buildSettings = {
				CODE_SIGN_IDENTITY = "-";
				CODE_SIGN_STYLE = Automatic;
				HEADER_SEARCH_PATHS = /usr/local/include;
				PRODUCT_NAME = "$(TARGET_NAME)";
			};
			name = Debug;
		};
		DEF9CCA52377B30200B5089A /* Release */ = {
			isa = XCBuildConfiguration;
			buildSettings = {
				CODE_SIGN_IDENTITY = "-";
				CODE_SIGN_STYLE = Automatic;
				HEADER_SEARCH_PATHS = /usr/local/include;
				PRODUCT_NAME = "$(TARGET_NAME)";
			};
			name = Release;
		};
/* End XCBuildConfiguration section */

/* Begin XCConfigurationList section */
		DE95049D2374EAE300FF97A4 /* Build configuration list for PBXProject "ReadingTrackerLibrary" */ = {
			isa = XCConfigurationList;
			buildConfigurations = (
				DE9504AB2374EAE300FF97A4 /* Debug */,
				DE9504AC2374EAE300FF97A4 /* Release */,
			);
			defaultConfigurationIsVisible = 0;
			defaultConfigurationName = Release;
		};
		DE9504AD2374EAE300FF97A4 /* Build configuration list for PBXNativeTarget "ReadingTrackerLibrary" */ = {
			isa = XCConfigurationList;
			buildConfigurations = (
				DE9504AE2374EAE300FF97A4 /* Debug */,
				DE9504AF2374EAE300FF97A4 /* Release */,
			);
			defaultConfigurationIsVisible = 0;
			defaultConfigurationName = Release;
		};
		DE9505092374F5B100FF97A4 /* Build configuration list for PBXNativeTarget "TestReadingTrackerLibrary" */ = {
			isa = XCConfigurationList;
			buildConfigurations = (
				DE95050A2374F5B100FF97A4 /* Debug */,
				DE95050B2374F5B100FF97A4 /* Release */,
			);
			defaultConfigurationIsVisible = 0;
			defaultConfigurationName = Release;
		};
		DEF9CCA62377B30200B5089A /* Build configuration list for PBXNativeTarget "ReadingTrackerCommandLine" */ = {
			isa = XCConfigurationList;
			buildConfigurations = (
				DEF9CCA42377B30200B5089A /* Debug */,
				DEF9CCA52377B30200B5089A /* Release */,
			);
			defaultConfigurationIsVisible = 0;
			defaultConfigurationName = Release;
		};
/* End XCConfigurationList section */
	};
	rootObject = DE95049A2374EAE300FF97A4 /* Project object */;
}
